
Microsoft Visual Studio Solution File, Format Version 12.00
# Visual Studio Version 16
VisualStudioVersion = 16.0.30413.136
MinimumVisualStudioVersion = 10.0.40219.1
Project("{FAE04EC0-301F-11D3-BF4B-00C04F79EFBC}") = "H1 Battleship", "H1 Battleship\H1 Battleship.csproj", "{2ED0019F-D641-419F-901C-A1343ED726A5}"
EndProject
Global
	GlobalSection(SolutionConfigurationPlatforms) = preSolution
		Debug|Any CPU = Debug|Any CPU
		Release|Any CPU = Release|Any CPU
	EndGlobalSection
	GlobalSection(ProjectConfigurationPlatforms) = postSolution
		{2ED0019F-D641-419F-901C-A1343ED726A5}.Debug|Any CPU.ActiveCfg = Debug|Any CPU
		{2ED0019F-D641-419F-901C-A1343ED726A5}.Debug|Any CPU.Build.0 = Debug|Any CPU
		{2ED0019F-D641-419F-901C-A1343ED726A5}.Release|Any CPU.ActiveCfg = Release|Any CPU
		{2ED0019F-D641-419F-901C-A1343ED726A5}.Release|Any CPU.Build.0 = Release|Any CPU
	EndGlobalSection
	GlobalSection(SolutionProperties) = preSolution
		HideSolutionNode = FALSE
	EndGlobalSection
	GlobalSection(ExtensibilityGlobals) = postSolution
		SolutionGuid = {EE5A767B-A098-422B-841C-B0DD5E5A8DF9}
	EndGlobalSection
EndGlobal
